Microsoft Visual Studio Solution File, Format Version 9.00
# Visual Studio 2005
Project("{8BC9CEB8-8B4A-11D0-8D11-00A0C91BC942}") = "GiPSi", "GiPSi.vcproj", "{034139E3-31FB-43F0-8FD4-7D8803391045}"
	ProjectSection(ProjectDependencies) = postProject
		{7A3B7B18-A5D6-4629-883A-BCB0C5BF7203} = {7A3B7B18-A5D6-4629-883A-BCB0C5BF7203}
		{E409C65A-E86E-4FED-B7C7-B4B71321737A} = {E409C65A-E86E-4FED-B7C7-B4B71321737A}
	EndProjectSection
EndProject
Project("{8BC9CEB8-8B4A-11D0-8D11-00A0C91BC942}") = "Common", "..\Common\Common.vcproj", "{7A3B7B18-A5D6-4629-883A-BCB0C5BF7203}"
EndProject
Project("{8BC9CEB8-8B4A-11D0-8D11-00A0C91BC942}") = "GiPSiVisualization", "..\GiPSiVisualization\GiPSiVisualization.vcproj", "{9D13918F-EB4C-4E89-B4FD-ECF9DAEEFB97}"
	ProjectSection(ProjectDependencies) = postProject
		{7A3B7B18-A5D6-4629-883A-BCB0C5BF7203} = {7A3B7B18-A5D6-4629-883A-BCB0C5BF7203}
		{FAF5A22A-A2C4-45D6-BB07-B2003874EBAD} = {FAF5A22A-A2C4-45D6-BB07-B2003874EBAD}
		{E409C65A-E86E-4FED-B7C7-B4B71321737A} = {E409C65A-E86E-4FED-B7C7-B4B71321737A}
		{034139E3-31FB-43F0-8FD4-7D8803391045} = {034139E3-31FB-43F0-8FD4-7D8803391045}
	EndProjectSection
EndProject
Project("{8BC9CEB8-8B4A-11D0-8D11-00A0C91BC942}") = "OpenGL15", "..\OpenGL15\OpenGL15.vcproj", "{FAF5A22A-A2C4-45D6-BB07-B2003874EBAD}"
EndProject
Project("{2150E333-8FDC-42A3-9474-1A3956D46DE8}") = "Solution Items", "Solution Items", "{2D01020D-1BC8-41FD-B4BB-02A193EAEFAB}"
EndProject
Project("{8BC9CEB8-8B4A-11D0-8D11-00A0C91BC942}") = "UnitTests", "..\UnitTests\UnitTests.vcproj", "{13E46ABB-A3C4-4555-BC02-ADA3F4B739BD}"
	ProjectSection(ProjectDependencies) = postProject
		{7A3B7B18-A5D6-4629-883A-BCB0C5BF7203} = {7A3B7B18-A5D6-4629-883A-BCB0C5BF7203}
		{E409C65A-E86E-4FED-B7C7-B4B71321737A} = {E409C65A-E86E-4FED-B7C7-B4B71321737A}
		{417F8D6F-7227-44A6-BFC4-5DCAD3B2A225} = {417F8D6F-7227-44A6-BFC4-5DCAD3B2A225}
		{9D13918F-EB4C-4E89-B4FD-ECF9DAEEFB97} = {9D13918F-EB4C-4E89-B4FD-ECF9DAEEFB97}
		{034139E3-31FB-43F0-8FD4-7D8803391045} = {034139E3-31FB-43F0-8FD4-7D8803391045}
	EndProjectSection
EndProject
Project("{8BC9CEB8-8B4A-11D0-8D11-00A0C91BC942}") = "XMLWrapper", "..\XMLWrapper\XMLWrapper.vcproj", "{E409C65A-E86E-4FED-B7C7-B4B71321737A}"
EndProject
Project("{8BC9CEB8-8B4A-11D0-8D11-00A0C91BC942}") = "Toolkit", "..\Toolkit\Toolkit.vcproj", "{417F8D6F-7227-44A6-BFC4-5DCAD3B2A225}"
	ProjectSection(ProjectDependencies) = postProject
		{7A3B7B18-A5D6-4629-883A-BCB0C5BF7203} = {7A3B7B18-A5D6-4629-883A-BCB0C5BF7203}
		{FAF5A22A-A2C4-45D6-BB07-B2003874EBAD} = {FAF5A22A-A2C4-45D6-BB07-B2003874EBAD}
		{E409C65A-E86E-4FED-B7C7-B4B71321737A} = {E409C65A-E86E-4FED-B7C7-B4B71321737A}
		{9D13918F-EB4C-4E89-B4FD-ECF9DAEEFB97} = {9D13918F-EB4C-4E89-B4FD-ECF9DAEEFB97}
		{034139E3-31FB-43F0-8FD4-7D8803391045} = {034139E3-31FB-43F0-8FD4-7D8803391045}
	EndProjectSection
EndProject
Project("{8BC9CEB8-8B4A-11D0-8D11-00A0C91BC942}") = "Application", "..\Application\Application.vcproj", "{9E1EC519-63EF-4477-ABAA-F529F231D921}"
	ProjectSection(ProjectDependencies) = postProject
		{417F8D6F-7227-44A6-BFC4-5DCAD3B2A225} = {417F8D6F-7227-44A6-BFC4-5DCAD3B2A225}
		{9D13918F-EB4C-4E89-B4FD-ECF9DAEEFB97} = {9D13918F-EB4C-4E89-B4FD-ECF9DAEEFB97}
		{034139E3-31FB-43F0-8FD4-7D8803391045} = {034139E3-31FB-43F0-8FD4-7D8803391045}
	EndProjectSection
EndProject
Global
	GlobalSection(SolutionConfigurationPlatforms) = preSolution
		Debug|Win32 = Debug|Win32
		Release|Win32 = Release|Win32
	EndGlobalSection
	GlobalSection(ProjectConfigurationPlatforms) = postSolution
		{034139E3-31FB-43F0-8FD4-7D8803391045}.Debug|Win32.ActiveCfg = Debug|Win32
		{034139E3-31FB-43F0-8FD4-7D8803391045}.Debug|Win32.Build.0 = Debug|Win32
		{034139E3-31FB-43F0-8FD4-7D8803391045}.Release|Win32.ActiveCfg = Release|Win32
		{034139E3-31FB-43F0-8FD4-7D8803391045}.Release|Win32.Build.0 = Release|Win32
		{7A3B7B18-A5D6-4629-883A-BCB0C5BF7203}.Debug|Win32.ActiveCfg = Debug|Win32
		{7A3B7B18-A5D6-4629-883A-BCB0C5BF7203}.Debug|Win32.Build.0 = Debug|Win32
		{7A3B7B18-A5D6-4629-883A-BCB0C5BF7203}.Release|Win32.ActiveCfg = Release|Win32
		{7A3B7B18-A5D6-4629-883A-BCB0C5BF7203}.Release|Win32.Build.0 = Release|Win32
		{9D13918F-EB4C-4E89-B4FD-ECF9DAEEFB97}.Debug|Win32.ActiveCfg = Debug|Win32
		{9D13918F-EB4C-4E89-B4FD-ECF9DAEEFB97}.Debug|Win32.Build.0 = Debug|Win32
		{9D13918F-EB4C-4E89-B4FD-ECF9DAEEFB97}.Release|Win32.ActiveCfg = Release|Win32
		{9D13918F-EB4C-4E89-B4FD-ECF9DAEEFB97}.Release|Win32.Build.0 = Release|Win32
		{FAF5A22A-A2C4-45D6-BB07-B2003874EBAD}.Debug|Win32.ActiveCfg = Debug|Win32
		{FAF5A22A-A2C4-45D6-BB07-B2003874EBAD}.Debug|Win32.Build.0 = Debug|Win32
		{FAF5A22A-A2C4-45D6-BB07-B2003874EBAD}.Release|Win32.ActiveCfg = Release|Win32
		{FAF5A22A-A2C4-45D6-BB07-B2003874EBAD}.Release|Win32.Build.0 = Release|Win32
		{13E46ABB-A3C4-4555-BC02-ADA3F4B739BD}.Debug|Win32.ActiveCfg = Debug|Win32
		{13E46ABB-A3C4-4555-BC02-ADA3F4B739BD}.Debug|Win32.Build.0 = Debug|Win32
		{13E46ABB-A3C4-4555-BC02-ADA3F4B739BD}.Release|Win32.ActiveCfg = Release|Win32
		{E409C65A-E86E-4FED-B7C7-B4B71321737A}.Debug|Win32.ActiveCfg = Debug|Win32
		{E409C65A-E86E-4FED-B7C7-B4B71321737A}.Debug|Win32.Build.0 = Debug|Win32
		{E409C65A-E86E-4FED-B7C7-B4B71321737A}.Release|Win32.ActiveCfg = Release|Win32
		{E409C65A-E86E-4FED-B7C7-B4B71321737A}.Release|Win32.Build.0 = Release|Win32
		{417F8D6F-7227-44A6-BFC4-5DCAD3B2A225}.Debug|Win32.ActiveCfg = Debug|Win32
		{417F8D6F-7227-44A6-BFC4-5DCAD3B2A225}.Debug|Win32.Build.0 = Debug|Win32
		{417F8D6F-7227-44A6-BFC4-5DCAD3B2A225}.Release|Win32.ActiveCfg = Release|Win32
		{417F8D6F-7227-44A6-BFC4-5DCAD3B2A225}.Release|Win32.Build.0 = Release|Win32
		{9E1EC519-63EF-4477-ABAA-F529F231D921}.Debug|Win32.ActiveCfg = Debug|Win32
		{9E1EC519-63EF-4477-ABAA-F529F231D921}.Debug|Win32.Build.0 = Debug|Win32
		{9E1EC519-63EF-4477-ABAA-F529F231D921}.Release|Win32.ActiveCfg = Release|Win32
		{9E1EC519-63EF-4477-ABAA-F529F231D921}.Release|Win32.Build.0 = Release|Win32
	EndGlobalSection
	GlobalSection(SolutionProperties) = preSolution
		HideSolutionNode = FALSE
	EndGlobalSection
EndGlobal
